hash: 4f7e997e7943e2964b56fce60b7fd151c2f082822b5e811e5433c21062db3985
updated: 2018-01-17T10:11:51.310714628+08:00
imports:
- name: github.com/adohe/kube2haproxy
  version: 2e893ec68a034f34dcd101df5aa2871a14c5f7ae
  subpackages:
  - app
  - app/options
  - proxy
  - proxy/controller
  - proxy/template
  - util/abool
  - util/cache
  - util/config
  - util/flowcontrol
  - util/haproxy
  - util/ipaddr
  - util/keepalived
  - util/ratelimiter
  - util/template
- name: github.com/beorn7/perks
  version: b965b613227fddccbfffe13eae360ed3fa822f8d
  subpackages:
  - quantile
- name: github.com/blang/semver
  version: 2ee87856327ba09384cabd113bc6b5d174e9ec0f
- name: github.com/davecgh/go-spew
  version: 5215b55f46b2b919f50a1df0eaa5886afe4e3b3d
  subpackages:
  - spew
- name: github.com/docker/docker
  version: 092cba3727bb9b4a2f0e922cd6c0f93ea270e363
  subpackages:
  - pkg/parsers
- name: github.com/docker/go-units
  version: 0dadbb0345b35ec7ef35e228dabb8de89a65bf52
- name: github.com/emicklei/go-restful
  version: b6fef27c5ec27ce5671b4d871bc837a73e9c3f53
- name: github.com/ghodss/yaml
  version: 73d445a93680fa1a78ae23a5839bad48f32ba1ee
- name: github.com/golang/glog
  version: 23def4e6c14b4da8ac2ed8007337bc5eb5007998
- name: github.com/golang/protobuf
  version: 68415e7123da32b07eab49c96d2c4d6158360e9b
  subpackages:
  - proto
- name: github.com/google/cadvisor
  version: d7d50e53132213f2302ef3da7a5c04fb650e1113
  subpackages:
  - info/v1
- name: github.com/google/gofuzz
  version: fd52762d25a41827db7ef64c43756fd4b9f7e382
- name: github.com/imdario/mergo
  version: 50d4dbd4eb0e84778abe37cefef140271d96fade
- name: github.com/juju/ratelimit
  version: 77ed1c8a01217656d2080ad51981f6e99adaa177
- name: github.com/matttproud/golang_protobuf_extensions
  version: d0c3fe89de86839aecf2e0579c40ba3bb336a453
  subpackages:
  - pbutil
- name: github.com/opencontainers/runc
  version: 0636bdd45bfcb03c7841d7d06d4f64e7b2955e32
  subpackages:
  - libcontainer/cgroups
  - libcontainer/configs
  - libcontainer/system
  - libcontainer/utils
- name: github.com/pborman/uuid
  version: c55201b036063326c5b1b89ccfe45a184973d073
- name: github.com/prometheus/client_golang
  version: 67994f177195311c3ea3d4407ed0175e34a4256f
  subpackages:
  - prometheus
- name: github.com/prometheus/client_model
  version: fa8ad6fec33561be4280a8f0514318c79d7f6cb6
  subpackages:
  - go
- name: github.com/prometheus/common
  version: 812a28da713128def9aad06a32fbcdb7685d13f4
  subpackages:
  - expfmt
  - internal/bitbucket.org/ww/goautoneg
  - model
- name: github.com/prometheus/procfs
  version: 406e5b7bfd8201a36e2bb5f7bdae0b03380c2ce8
- name: github.com/Sirupsen/logrus
  version: f3cfb454f4c209e6668c95216c4744b8fddb2356
- name: github.com/spf13/pflag
  version: 367864438f1b1a3c7db4da06a2f55b144e6784e0
- name: github.com/ugorji/go
  version: ea9cd21fa0bc41ee4bdd50ac7ed8cbc7ea2ed960
  subpackages:
  - codec
- name: github.com/vishvananda/netlink
  version: 4fdf23c882685717a2a750114bdc904afeafc16b
- name: golang.org/x/net
  version: 34ff4cd5e6de00702100a0ab3bb73de8de5ab35d
  subpackages:
  - context
- name: gopkg.in/yaml.v2
  version: 53feefa2559fb8dfa8d81baad31be332c97d6c77
- name: k8s.io/kubernetes
  version: ""
  subpackages:
  - pkg/api
  - pkg/apimachinery
  - pkg/apis/authorization
  - pkg/apis/autoscaling
  - pkg/apis/batch
  - pkg/apis/componentconfig
  - pkg/apis/extensions
  - pkg/apis/metrics
  - pkg/auth/user
  - pkg/capabilities
  - pkg/client/cache
  - pkg/client/metrics
  - pkg/client/restclient
  - pkg/client/transport
  - pkg/client/typed/discovery
  - pkg/client/unversioned
  - pkg/client/unversioned/clientcmd
  - pkg/client/unversioned/clientcmd/api
  - pkg/conversion
  - pkg/fields
  - pkg/healthz
  - pkg/kubelet/qos
  - pkg/labels
  - pkg/master/ports
  - pkg/runtime
  - pkg/types
  - pkg/util
  - pkg/util/runtime
  - pkg/util/sets
  - pkg/util/wait
  - pkg/version
  - pkg/watch
  - third_party/forked/reflect
testImports: []
